
Microsoft Visual Studio Solution File, Format Version 12.00
# Visual Studio Version 16
VisualStudioVersion = 16.0.30503.244
MinimumVisualStudioVersion = 10.0.40219.1
Project("{8BC9CEB8-8B4A-11D0-8D11-00A0C91BC942}") = "Ex1", "Project4.vcxproj", "{15EB2B62-0CCB-422E-BF31-3E0920A9D67C}"
EndProject
Project("{8BC9CEB8-8B4A-11D0-8D11-00A0C91BC942}") = "Ex2", "..\Ex2\Ex2.vcxproj", "{F5F06C95-EB83-4AD0-BFB1-028C4AE2254E}"
EndProject
Project("{8BC9CEB8-8B4A-11D0-8D11-00A0C91BC942}") = "Ex3", "..\Ex3\Ex3.vcxproj", "{51837480-A586-4D2B-B700-38B6CE8D1CC7}"
EndProject
Project("{8BC9CEB8-8B4A-11D0-8D11-00A0C91BC942}") = "Ex4", "..\Ex4\Ex4.vcxproj", "{F0A815DF-449A-4DF6-BEBB-2D39ACB4421F}"
EndProject
Global
	GlobalSection(SolutionConfigurationPlatforms) = preSolution
		Debug|x64 = Debug|x64
		Debug|x86 = Debug|x86
		Release|x64 = Release|x64
		Release|x86 = Release|x86
	EndGlobalSection
	GlobalSection(ProjectConfigurationPlatforms) = postSolution
		{15EB2B62-0CCB-422E-BF31-3E0920A9D67C}.Debug|x64.ActiveCfg = Debug|x64
		{15EB2B62-0CCB-422E-BF31-3E0920A9D67C}.Debug|x64.Build.0 = Debug|x64
		{15EB2B62-0CCB-422E-BF31-3E0920A9D67C}.Debug|x86.ActiveCfg = Debug|Win32
		{15EB2B62-0CCB-422E-BF31-3E0920A9D67C}.Debug|x86.Build.0 = Debug|Win32
		{15EB2B62-0CCB-422E-BF31-3E0920A9D67C}.Release|x64.ActiveCfg = Release|x64
		{15EB2B62-0CCB-422E-BF31-3E0920A9D67C}.Release|x64.Build.0 = Release|x64
		{15EB2B62-0CCB-422E-BF31-3E0920A9D67C}.Release|x86.ActiveCfg = Release|Win32
		{15EB2B62-0CCB-422E-BF31-3E0920A9D67C}.Release|x86.Build.0 = Release|Win32
		{F5F06C95-EB83-4AD0-BFB1-028C4AE2254E}.Debug|x64.ActiveCfg = Debug|x64
		{F5F06C95-EB83-4AD0-BFB1-028C4AE2254E}.Debug|x64.Build.0 = Debug|x64
		{F5F06C95-EB83-4AD0-BFB1-028C4AE2254E}.Debug|x86.ActiveCfg = Debug|Win32
		{F5F06C95-EB83-4AD0-BFB1-028C4AE2254E}.Debug|x86.Build.0 = Debug|Win32
		{F5F06C95-EB83-4AD0-BFB1-028C4AE2254E}.Release|x64.ActiveCfg = Release|x64
		{F5F06C95-EB83-4AD0-BFB1-028C4AE2254E}.Release|x64.Build.0 = Release|x64
		{F5F06C95-EB83-4AD0-BFB1-028C4AE2254E}.Release|x86.ActiveCfg = Release|Win32
		{F5F06C95-EB83-4AD0-BFB1-028C4AE2254E}.Release|x86.Build.0 = Release|Win32
		{51837480-A586-4D2B-B700-38B6CE8D1CC7}.Debug|x64.ActiveCfg = Debug|x64
		{51837480-A586-4D2B-B700-38B6CE8D1CC7}.Debug|x64.Build.0 = Debug|x64
		{51837480-A586-4D2B-B700-38B6CE8D1CC7}.Debug|x86.ActiveCfg = Debug|Win32
		{51837480-A586-4D2B-B700-38B6CE8D1CC7}.Debug|x86.Build.0 = Debug|Win32
		{51837480-A586-4D2B-B700-38B6CE8D1CC7}.Release|x64.ActiveCfg = Release|x64
		{51837480-A586-4D2B-B700-38B6CE8D1CC7}.Release|x64.Build.0 = Release|x64
		{51837480-A586-4D2B-B700-38B6CE8D1CC7}.Release|x86.ActiveCfg = Release|Win32
		{51837480-A586-4D2B-B700-38B6CE8D1CC7}.Release|x86.Build.0 = Release|Win32
		{F0A815DF-449A-4DF6-BEBB-2D39ACB4421F}.Debug|x64.ActiveCfg = Debug|x64
		{F0A815DF-449A-4DF6-BEBB-2D39ACB4421F}.Debug|x64.Build.0 = Debug|x64
		{F0A815DF-449A-4DF6-BEBB-2D39ACB4421F}.Debug|x86.ActiveCfg = Debug|Win32
		{F0A815DF-449A-4DF6-BEBB-2D39ACB4421F}.Debug|x86.Build.0 = Debug|Win32
		{F0A815DF-449A-4DF6-BEBB-2D39ACB4421F}.Release|x64.ActiveCfg = Release|x64
		{F0A815DF-449A-4DF6-BEBB-2D39ACB4421F}.Release|x64.Build.0 = Release|x64
		{F0A815DF-449A-4DF6-BEBB-2D39ACB4421F}.Release|x86.ActiveCfg = Release|Win32
		{F0A815DF-449A-4DF6-BEBB-2D39ACB4421F}.Release|x86.Build.0 = Release|Win32
	EndGlobalSection
	GlobalSection(SolutionProperties) = preSolution
		HideSolutionNode = FALSE
	EndGlobalSection
	GlobalSection(ExtensibilityGlobals) = postSolution
		SolutionGuid = {54805680-02B7-41C5-B483-8F459597C680}
	EndGlobalSection
EndGlobal
